// !$*UTF8*$!
{
	archiveVersion = 1;
	classes = {
	};
	objectVersion = 50;
	objects = {

/* Begin PBXBuildFile section */
		BF033D6A22DDE3C3006C38CC /* AutoMocker.framework in Frameworks */ = {isa = PBXBuildFile; fileRef = BF033D6022DDE3C3006C38CC /* AutoMocker.framework */; };
		BF033D6F22DDE3C3006C38CC /* AutoMockerTests.swift in Sources */ = {isa = PBXBuildFile; fileRef = BF033D6E22DDE3C3006C38CC /* AutoMockerTests.swift */; };
		BF033D7122DDE3C3006C38CC /* AutoMocker.h in Headers */ = {isa = PBXBuildFile; fileRef = BF033D6322DDE3C3006C38CC /* AutoMocker.h */; settings = {ATTRIBUTES = (Public, ); }; };
		BF55F2FE22DDE43300458563 /* AutoMockable.swift in Sources */ = {isa = PBXBuildFile; fileRef = BF55F2FB22DDE43300458563 /* AutoMockable.swift */; };
		BF55F2FF22DDE43300458563 /* mocker.swift in Sources */ = {isa = PBXBuildFile; fileRef = BF55F2FC22DDE43300458563 /* mocker.swift */; };
		BF55F30022DDE43300458563 /* mock.swift in Sources */ = {isa = PBXBuildFile; fileRef = BF55F2FD22DDE43300458563 /* mock.swift */; };
/* End PBXBuildFile section */

/* Begin PBXContainerItemProxy section */
		BF033D6B22DDE3C3006C38CC /* PBXContainerItemProxy */ = {
			isa = PBXContainerItemProxy;
			containerPortal = BF033D5722DDE3C3006C38CC /* Project object */;
			proxyType = 1;
			remoteGlobalIDString = BF033D5F22DDE3C3006C38CC;
			remoteInfo = AutoMocker;
		};
/* End PBXContainerItemProxy section */

/* Begin PBXFileReference section */
		BF033D6022DDE3C3006C38CC /* AutoMocker.framework */ = {isa = PBXFileReference; explicitFileType = wrapper.framework; includeInIndex = 0; path = AutoMocker.framework; sourceTree = BUILT_PRODUCTS_DIR; };
		BF033D6322DDE3C3006C38CC /* AutoMocker.h */ = {isa = PBXFileReference; lastKnownFileType = sourcecode.c.h; path = AutoMocker.h; sourceTree = "<group>"; };
		BF033D6422DDE3C3006C38CC /* Info.plist */ = {isa = PBXFileReference; lastKnownFileType = text.plist.xml; path = Info.plist; sourceTree = "<group>"; };
		BF033D6922DDE3C3006C38CC /* AutoMockerTests.xctest */ = {isa = PBXFileReference; explicitFileType = wrapper.cfbundle; includeInIndex = 0; path = AutoMockerTests.xctest; sourceTree = BUILT_PRODUCTS_DIR; };
		BF033D6E22DDE3C3006C38CC /* AutoMockerTests.swift */ = {isa = PBXFileReference; lastKnownFileType = sourcecode.swift; path = AutoMockerTests.swift; sourceTree = "<group>"; };
		BF033D7022DDE3C3006C38CC /* Info.plist */ = {isa = PBXFileReference; lastKnownFileType = text.plist.xml; path = Info.plist; sourceTree = "<group>"; };
		BF55F2FB22DDE43300458563 /* AutoMockable.swift */ = {isa = PBXFileReference; fileEncoding = 4; lastKnownFileType = sourcecode.swift; path = AutoMockable.swift; sourceTree = "<group>"; };
		BF55F2FC22DDE43300458563 /* mocker.swift */ = {isa = PBXFileReference; fileEncoding = 4; lastKnownFileType = sourcecode.swift; path = mocker.swift; sourceTree = "<group>"; };
		BF55F2FD22DDE43300458563 /* mock.swift */ = {isa = PBXFileReference; fileEncoding = 4; lastKnownFileType = sourcecode.swift; path = mock.swift; sourceTree = "<group>"; };
/* End PBXFileReference section */

/* Begin PBXFrameworksBuildPhase section */
		BF033D5D22DDE3C3006C38CC /* Frameworks */ = {
			isa = PBXFrameworksBuildPhase;
			buildActionMask = 2147483647;
			files = (
			);
			runOnlyForDeploymentPostprocessing = 0;
		};
		BF033D6622DDE3C3006C38CC /* Frameworks */ = {
			isa = PBXFrameworksBuildPhase;
			buildActionMask = 2147483647;
			files = (
				BF033D6A22DDE3C3006C38CC /* AutoMocker.framework in Frameworks */,
			);
			runOnlyForDeploymentPostprocessing = 0;
		};
/* End PBXFrameworksBuildPhase section */

/* Begin PBXGroup section */
		BF033D5622DDE3C3006C38CC = {
			isa = PBXGroup;
			children = (
				BF033D6222DDE3C3006C38CC /* AutoMocker */,
				BF033D6D22DDE3C3006C38CC /* AutoMockerTests */,
				BF033D6122DDE3C3006C38CC /* Products */,
			);
			sourceTree = "<group>";
		};
		BF033D6122DDE3C3006C38CC /* Products */ = {
			isa = PBXGroup;
			children = (
				BF033D6022DDE3C3006C38CC /* AutoMocker.framework */,
				BF033D6922DDE3C3006C38CC /* AutoMockerTests.xctest */,
			);
			name = Products;
			sourceTree = "<group>";
		};
		BF033D6222DDE3C3006C38CC /* AutoMocker */ = {
			isa = PBXGroup;
			children = (
				BF033D6322DDE3C3006C38CC /* AutoMocker.h */,
				BF55F2FB22DDE43300458563 /* AutoMockable.swift */,
				BF55F2FD22DDE43300458563 /* mock.swift */,
				BF55F2FC22DDE43300458563 /* mocker.swift */,
				BF033D6422DDE3C3006C38CC /* Info.plist */,
			);
			path = AutoMocker;
			sourceTree = "<group>";
		};
		BF033D6D22DDE3C3006C38CC /* AutoMockerTests */ = {
			isa = PBXGroup;
			children = (
				BF033D6E22DDE3C3006C38CC /* AutoMockerTests.swift */,
				BF033D7022DDE3C3006C38CC /* Info.plist */,
			);
			path = AutoMockerTests;
			sourceTree = "<group>";
		};
/* End PBXGroup section */

/* Begin PBXHeadersBuildPhase section */
		BF033D5B22DDE3C3006C38CC /* Headers */ = {
			isa = PBXHeadersBuildPhase;
			buildActionMask = 2147483647;
			files = (
				BF033D7122DDE3C3006C38CC /* AutoMocker.h in Headers */,
			);
			runOnlyForDeploymentPostprocessing = 0;
		};
/* End PBXHeadersBuildPhase section */

/* Begin PBXNativeTarget section */
		BF033D5F22DDE3C3006C38CC /* AutoMocker */ = {
			isa = PBXNativeTarget;
			buildConfigurationList = BF033D7422DDE3C3006C38CC /* Build configuration list for PBXNativeTarget "AutoMocker" */;
			buildPhases = (
				BF033D5B22DDE3C3006C38CC /* Headers */,
				BF033D5C22DDE3C3006C38CC /* Sources */,
				BF033D5D22DDE3C3006C38CC /* Frameworks */,
				BF033D5E22DDE3C3006C38CC /* Resources */,
			);
			buildRules = (
			);
			dependencies = (
			);
			name = AutoMocker;
			productName = AutoMocker;
			productReference = BF033D6022DDE3C3006C38CC /* AutoMocker.framework */;
			productType = "com.apple.product-type.framework";
		};
		BF033D6822DDE3C3006C38CC /* AutoMockerTests */ = {
			isa = PBXNativeTarget;
			buildConfigurationList = BF033D7722DDE3C3006C38CC /* Build configuration list for PBXNativeTarget "AutoMockerTests" */;
			buildPhases = (
				BF033D6522DDE3C3006C38CC /* Sources */,
				BF033D6622DDE3C3006C38CC /* Frameworks */,
				BF033D6722DDE3C3006C38CC /* Resources */,
			);
			buildRules = (
			);
			dependencies = (
				BF033D6C22DDE3C3006C38CC /* PBXTargetDependency */,
			);
			name = AutoMockerTests;
			productName = AutoMockerTests;
			productReference = BF033D6922DDE3C3006C38CC /* AutoMockerTests.xctest */;
			productType = "com.apple.product-type.bundle.unit-test";
		};
/* End PBXNativeTarget section */

/* Begin PBXProject section */
		BF033D5722DDE3C3006C38CC /* Project object */ = {
			isa = PBXProject;
			attributes = {
				LastSwiftUpdateCheck = 1100;
				LastUpgradeCheck = 1100;
				ORGANIZATIONNAME = Vincent;
				TargetAttributes = {
					BF033D5F22DDE3C3006C38CC = {
						CreatedOnToolsVersion = 11.0;
						LastSwiftMigration = 1100;
					};
					BF033D6822DDE3C3006C38CC = {
						CreatedOnToolsVersion = 11.0;
					};
				};
			};
			buildConfigurationList = BF033D5A22DDE3C3006C38CC /* Build configuration list for PBXProject "AutoMocker" */;
			compatibilityVersion = "Xcode 9.3";
			developmentRegion = en;
			hasScannedForEncodings = 0;
			knownRegions = (
				en,
				Base,
			);
			mainGroup = BF033D5622DDE3C3006C38CC;
			productRefGroup = BF033D6122DDE3C3006C38CC /* Products */;
			projectDirPath = "";
			projectRoot = "";
			targets = (
				BF033D5F22DDE3C3006C38CC /* AutoMocker */,
				BF033D6822DDE3C3006C38CC /* AutoMockerTests */,
			);
		};
/* End PBXProject section */

/* Begin PBXResourcesBuildPhase section */
		BF033D5E22DDE3C3006C38CC /* Resources */ = {
			isa = PBXResourcesBuildPhase;
			buildActionMask = 2147483647;
			files = (
			);
			runOnlyForDeploymentPostprocessing = 0;
		};
		BF033D6722DDE3C3006C38CC /* Resources */ = {
			isa = PBXResourcesBuildPhase;
			buildActionMask = 2147483647;
			files = (
			);
			runOnlyForDeploymentPostprocessing = 0;
		};
/* End PBXResourcesBuildPhase section */

/* Begin PBXSourcesBuildPhase section */
		BF033D5C22DDE3C3006C38CC /* Sources */ = {
			isa = PBXSourcesBuildPhase;
			buildActionMask = 2147483647;
			files = (
				BF55F2FF22DDE43300458563 /* mocker.swift in Sources */,
				BF55F30022DDE43300458563 /* mock.swift in Sources */,
				BF55F2FE22DDE43300458563 /* AutoMockable.swift in Sources */,
			);
			runOnlyForDeploymentPostprocessing = 0;
		};
		BF033D6522DDE3C3006C38CC /* Sources */ = {
			isa = PBXSourcesBuildPhase;
			buildActionMask = 2147483647;
			files = (
				BF033D6F22DDE3C3006C38CC /* AutoMockerTests.swift in Sources */,
			);
			runOnlyForDeploymentPostprocessing = 0;
		};
/* End PBXSourcesBuildPhase section */

/* Begin PBXTargetDependency section */
		BF033D6C22DDE3C3006C38CC /* PBXTargetDependency */ = {
			isa = PBXTargetDependency;
			target = BF033D5F22DDE3C3006C38CC /* AutoMocker */;
			targetProxy = BF033D6B22DDE3C3006C38CC /* PBXContainerItemProxy */;
		};
/* End PBXTargetDependency section */

/* Begin XCBuildConfiguration section */
		BF033D7222DDE3C3006C38CC /* Debug */ = {
			isa = XCBuildConfiguration;
			buildSettings = {
				ALWAYS_SEARCH_USER_PATHS = NO;
				CLANG_ANALYZER_NONNULL = YES;
				CLANG_ANALYZER_NUMBER_OBJECT_CONVERSION = YES_AGGRESSIVE;
				CLANG_CXX_LANGUAGE_STANDARD = "gnu++14";
				CLANG_CXX_LIBRARY = "libc++";
				CLANG_ENABLE_MODULES = YES;
				CLANG_ENABLE_OBJC_ARC = YES;
				CLANG_ENABLE_OBJC_WEAK = YES;
				CLANG_WARN_BLOCK_CAPTURE_AUTORELEASING = YES;
				CLANG_WARN_BOOL_CONVERSION = YES;
				CLANG_WARN_COMMA = YES;
				CLANG_WARN_CONSTANT_CONVERSION = YES;
				CLANG_WARN_DEPRECATED_OBJC_IMPLEMENTATIONS = YES;
				CLANG_WARN_DIRECT_OBJC_ISA_USAGE = YES_ERROR;
				CLANG_WARN_DOCUMENTATION_COMMENTS = YES;
				CLANG_WARN_EMPTY_BODY = YES;
				CLANG_WARN_ENUM_CONVERSION = YES;
				CLANG_WARN_INFINITE_RECURSION = YES;
				CLANG_WARN_INT_CONVERSION = YES;
				CLANG_WARN_NON_LITERAL_NULL_CONVERSION = YES;
				CLANG_WARN_OBJC_IMPLICIT_RETAIN_SELF = YES;
				CLANG_WARN_OBJC_LITERAL_CONVERSION = YES;
				CLANG_WARN_OBJC_ROOT_CLASS = YES_ERROR;
				CLANG_WARN_RANGE_LOOP_ANALYSIS = YES;
				CLANG_WARN_STRICT_PROTOTYPES = YES;
				CLANG_WARN_SUSPICIOUS_MOVE = YES;
				CLANG_WARN_UNGUARDED_AVAILABILITY = YES_AGGRESSIVE;
				CLANG_WARN_UNREACHABLE_CODE = YES;
				CLANG_WARN__DUPLICATE_METHOD_MATCH = YES;
				COPY_PHASE_STRIP = NO;
				CURRENT_PROJECT_VERSION = 1;
				DEBUG_INFORMATION_FORMAT = dwarf;
				ENABLE_STRICT_OBJC_MSGSEND = YES;
				ENABLE_TESTABILITY = YES;
				GCC_C_LANGUAGE_STANDARD = gnu11;
				GCC_DYNAMIC_NO_PIC = NO;
				GCC_NO_COMMON_BLOCKS = YES;
				GCC_OPTIMIZATION_LEVEL = 0;
				GCC_PREPROCESSOR_DEFINITIONS = (
					"DEBUG=1",
					"$(inherited)",
				);
				GCC_WARN_64_TO_32_BIT_CONVERSION = YES;
				GCC_WARN_ABOUT_RETURN_TYPE = YES_ERROR;
				GCC_WARN_UNDECLARED_SELECTOR = YES;
				GCC_WARN_UNINITIALIZED_AUTOS = YES_AGGRESSIVE;
				GCC_WARN_UNUSED_FUNCTION = YES;
				GCC_WARN_UNUSED_VARIABLE = YES;
				IPHONEOS_DEPLOYMENT_TARGET = 13.0;
				MTL_ENABLE_DEBUG_INFO = INCLUDE_SOURCE;
				MTL_FAST_MATH = YES;
				ONLY_ACTIVE_ARCH = YES;
				SDKROOT = iphoneos;
				SWIFT_ACTIVE_COMPILATION_CONDITIONS = DEBUG;
				SWIFT_OPTIMIZATION_LEVEL = "-Onone";
				VERSIONING_SYSTEM = "apple-generic";
				VERSION_INFO_PREFIX = "";
			};
			name = Debug;
		};
		BF033D7322DDE3C3006C38CC /* Release */ = {
			isa = XCBuildConfiguration;
			buildSettings = {
				ALWAYS_SEARCH_USER_PATHS = NO;
				CLANG_ANALYZER_NONNULL = YES;
				CLANG_ANALYZER_NUMBER_OBJECT_CONVERSION = YES_AGGRESSIVE;
				CLANG_CXX_LANGUAGE_STANDARD = "gnu++14";
				CLANG_CXX_LIBRARY = "libc++";
				CLANG_ENABLE_MODULES = YES;
				CLANG_ENABLE_OBJC_ARC = YES;
				CLANG_ENABLE_OBJC_WEAK = YES;
				CLANG_WARN_BLOCK_CAPTURE_AUTORELEASING = YES;
				CLANG_WARN_BOOL_CONVERSION = YES;
				CLANG_WARN_COMMA = YES;
				CLANG_WARN_CONSTANT_CONVERSION = YES;
				CLANG_WARN_DEPRECATED_OBJC_IMPLEMENTATIONS = YES;
				CLANG_WARN_DIRECT_OBJC_ISA_USAGE = YES_ERROR;
				CLANG_WARN_DOCUMENTATION_COMMENTS = YES;
				CLANG_WARN_EMPTY_BODY = YES;
				CLANG_WARN_ENUM_CONVERSION = YES;
				CLANG_WARN_INFINITE_RECURSION = YES;
				CLANG_WARN_INT_CONVERSION = YES;
				CLANG_WARN_NON_LITERAL_NULL_CONVERSION = YES;
				CLANG_WARN_OBJC_IMPLICIT_RETAIN_SELF = YES;
				CLANG_WARN_OBJC_LITERAL_CONVERSION = YES;
				CLANG_WARN_OBJC_ROOT_CLASS = YES_ERROR;
				CLANG_WARN_RANGE_LOOP_ANALYSIS = YES;
				CLANG_WARN_STRICT_PROTOTYPES = YES;
				CLANG_WARN_SUSPICIOUS_MOVE = YES;
				CLANG_WARN_UNGUARDED_AVAILABILITY = YES_AGGRESSIVE;
				CLANG_WARN_UNREACHABLE_CODE = YES;
				CLANG_WARN__DUPLICATE_METHOD_MATCH = YES;
				COPY_PHASE_STRIP = NO;
				CURRENT_PROJECT_VERSION = 1;
				DEBUG_INFORMATION_FORMAT = "dwarf-with-dsym";
				ENABLE_NS_ASSERTIONS = NO;
				ENABLE_STRICT_OBJC_MSGSEND = YES;
				GCC_C_LANGUAGE_STANDARD = gnu11;
				GCC_NO_COMMON_BLOCKS = YES;
				GCC_WARN_64_TO_32_BIT_CONVERSION = YES;
				GCC_WARN_ABOUT_RETURN_TYPE = YES_ERROR;
				GCC_WARN_UNDECLARED_SELECTOR = YES;
				GCC_WARN_UNINITIALIZED_AUTOS = YES_AGGRESSIVE;
				GCC_WARN_UNUSED_FUNCTION = YES;
				GCC_WARN_UNUSED_VARIABLE = YES;
				IPHONEOS_DEPLOYMENT_TARGET = 13.0;
				MTL_ENABLE_DEBUG_INFO = NO;
				MTL_FAST_MATH = YES;
				SDKROOT = iphoneos;
				SWIFT_COMPILATION_MODE = wholemodule;
				SWIFT_OPTIMIZATION_LEVEL = "-O";
				VALIDATE_PRODUCT = YES;
				VERSIONING_SYSTEM = "apple-generic";
				VERSION_INFO_PREFIX = "";
			};
			name = Release;
		};
		BF033D7522DDE3C3006C38CC /* Debug */ = {
			isa = XCBuildConfiguration;
			buildSettings = {
				CLANG_ENABLE_MODULES = YES;
				CODE_SIGN_STYLE = Automatic;
				DEFINES_MODULE = YES;
				DEVELOPMENT_TEAM = 2937XWQ9VF;
				DYLIB_COMPATIBILITY_VERSION = 1;
				DYLIB_CURRENT_VERSION = 1;
				DYLIB_INSTALL_NAME_BASE = "@rpath";
				INFOPLIST_FILE = AutoMocker/Info.plist;
				INSTALL_PATH = "$(LOCAL_LIBRARY_DIR)/Frameworks";
				LD_RUNPATH_SEARCH_PATHS = (
					"$(inherited)",
					"@executable_path/Frameworks",
					"@loader_path/Frameworks",
				);
				PRODUCT_BUNDLE_IDENTIFIER = fr.vincentpradeilles.AutoMocker;
				PRODUCT_NAME = "$(TARGET_NAME:c99extidentifier)";
				SKIP_INSTALL = YES;
				SWIFT_OPTIMIZATION_LEVEL = "-Onone";
				SWIFT_VERSION = 5.0;
				TARGETED_DEVICE_FAMILY = "1,2";
			};
			name = Debug;
		};
		BF033D7622DDE3C3006C38CC /* Release */ = {
			isa = XCBuildConfiguration;
			buildSettings = {
				CLANG_ENABLE_MODULES = YES;
				CODE_SIGN_STYLE = Automatic;
				DEFINES_MODULE = YES;
				DEVELOPMENT_TEAM = 2937XWQ9VF;
				DYLIB_COMPATIBILITY_VERSION = 1;
				DYLIB_CURRENT_VERSION = 1;
				DYLIB_INSTALL_NAME_BASE = "@rpath";
				INFOPLIST_FILE = AutoMocker/Info.plist;
				INSTALL_PATH = "$(LOCAL_LIBRARY_DIR)/Frameworks";
				LD_RUNPATH_SEARCH_PATHS = (
					"$(inherited)",
					"@executable_path/Frameworks",
					"@loader_path/Frameworks",
				);
				PRODUCT_BUNDLE_IDENTIFIER = fr.vincentpradeilles.AutoMocker;
				PRODUCT_NAME = "$(TARGET_NAME:c99extidentifier)";
				SKIP_INSTALL = YES;
				SWIFT_VERSION = 5.0;
				TARGETED_DEVICE_FAMILY = "1,2";
			};
			name = Release;
		};
		BF033D7822DDE3C3006C38CC /* Debug */ = {
			isa = XCBuildConfiguration;
			buildSettings = {
				ALWAYS_EMBED_SWIFT_STANDARD_LIBRARIES = YES;
				CODE_SIGN_STYLE = Automatic;
				DEVELOPMENT_TEAM = 2937XWQ9VF;
				INFOPLIST_FILE = AutoMockerTests/Info.plist;
				LD_RUNPATH_SEARCH_PATHS = (
					"$(inherited)",
					"@executable_path/Frameworks",
					"@loader_path/Frameworks",
				);
				PRODUCT_BUNDLE_IDENTIFIER = fr.vincentpradeilles.AutoMockerTests;
				PRODUCT_NAME = "$(TARGET_NAME)";
				SWIFT_VERSION = 5.0;
				TARGETED_DEVICE_FAMILY = "1,2";
			};
			name = Debug;
		};
		BF033D7922DDE3C3006C38CC /* Release */ = {
			isa = XCBuildConfiguration;
			buildSettings = {
				ALWAYS_EMBED_SWIFT_STANDARD_LIBRARIES = YES;
				CODE_SIGN_STYLE = Automatic;
				DEVELOPMENT_TEAM = 2937XWQ9VF;
				INFOPLIST_FILE = AutoMockerTests/Info.plist;
				LD_RUNPATH_SEARCH_PATHS = (
					"$(inherited)",
					"@executable_path/Frameworks",
					"@loader_path/Frameworks",
				);
				PRODUCT_BUNDLE_IDENTIFIER = fr.vincentpradeilles.AutoMockerTests;
				PRODUCT_NAME = "$(TARGET_NAME)";
				SWIFT_VERSION = 5.0;
				TARGETED_DEVICE_FAMILY = "1,2";
			};
			name = Release;
		};
/* End XCBuildConfiguration section */

/* Begin XCConfigurationList section */
		BF033D5A22DDE3C3006C38CC /* Build configuration list for PBXProject "AutoMocker" */ = {
			isa = XCConfigurationList;
			buildConfigurations = (
				BF033D7222DDE3C3006C38CC /* Debug */,
				BF033D7322DDE3C3006C38CC /* Release */,
			);
			defaultConfigurationIsVisible = 0;
			defaultConfigurationName = Release;
		};
		BF033D7422DDE3C3006C38CC /* Build configuration list for PBXNativeTarget "AutoMocker" */ = {
			isa = XCConfigurationList;
			buildConfigurations = (
				BF033D7522DDE3C3006C38CC /* Debug */,
				BF033D7622DDE3C3006C38CC /* Release */,
			);
			defaultConfigurationIsVisible = 0;
			defaultConfigurationName = Release;
		};
		BF033D7722DDE3C3006C38CC /* Build configuration list for PBXNativeTarget "AutoMockerTests" */ = {
			isa = XCConfigurationList;
			buildConfigurations = (
				BF033D7822DDE3C3006C38CC /* Debug */,
				BF033D7922DDE3C3006C38CC /* Release */,
			);
			defaultConfigurationIsVisible = 0;
			defaultConfigurationName = Release;
		};
/* End XCConfigurationList section */
	};
	rootObject = BF033D5722DDE3C3006C38CC /* Project object */;
}
